
Microsoft Visual Studio Solution File, Format Version 12.00
# Visual Studio Version 17
VisualStudioVersion = 17.4.33205.214
MinimumVisualStudioVersion = 10.0.40219.1
Project("{9A19103F-16F7-4668-BE54-9A1E7A4F7556}") = "Schmidt.Abstractions.Mediator", "src\Schmidt.Abstractions.Mediator\Schmidt.Abstractions.Mediator.csproj", "{CFBF36A3-3714-4579-BE8C-2318BFD108E4}"
EndProject
Project("{2150E333-8FDC-42A3-9474-1A3956D46DE8}") = "src", "src", "{8BE7433C-96E1-45E7-A778-8932FD371D24}"
EndProject
Project("{9A19103F-16F7-4668-BE54-9A1E7A4F7556}") = "Schmidt.Abstractions.FunctionMediator", "src\Schmidt.Abstractions.FunctionMediator\Schmidt.Abstractions.FunctionMediator.csproj", "{4949F12F-4B9A-418F-AF24-513FD37D4A48}"
EndProject
Global
	GlobalSection(SolutionConfigurationPlatforms) = preSolution
		Debug|Any CPU = Debug|Any CPU
		Release|Any CPU = Release|Any CPU
	EndGlobalSection
	GlobalSection(ProjectConfigurationPlatforms) = postSolution
		{CFBF36A3-3714-4579-BE8C-2318BFD108E4}.Debug|Any CPU.ActiveCfg = Debug|Any CPU
		{CFBF36A3-3714-4579-BE8C-2318BFD108E4}.Debug|Any CPU.Build.0 = Debug|Any CPU
		{CFBF36A3-3714-4579-BE8C-2318BFD108E4}.Release|Any CPU.ActiveCfg = Release|Any CPU
		{CFBF36A3-3714-4579-BE8C-2318BFD108E4}.Release|Any CPU.Build.0 = Release|Any CPU
		{4949F12F-4B9A-418F-AF24-513FD37D4A48}.Debug|Any CPU.ActiveCfg = Debug|Any CPU
		{4949F12F-4B9A-418F-AF24-513FD37D4A48}.Debug|Any CPU.Build.0 = Debug|Any CPU
		{4949F12F-4B9A-418F-AF24-513FD37D4A48}.Release|Any CPU.ActiveCfg = Release|Any CPU
		{4949F12F-4B9A-418F-AF24-513FD37D4A48}.Release|Any CPU.Build.0 = Release|Any CPU
	EndGlobalSection
	GlobalSection(SolutionProperties) = preSolution
		HideSolutionNode = FALSE
	EndGlobalSection
	GlobalSection(NestedProjects) = preSolution
		{CFBF36A3-3714-4579-BE8C-2318BFD108E4} = {8BE7433C-96E1-45E7-A778-8932FD371D24}
		{4949F12F-4B9A-418F-AF24-513FD37D4A48} = {8BE7433C-96E1-45E7-A778-8932FD371D24}
	EndGlobalSection
	GlobalSection(ExtensibilityGlobals) = postSolution
		SolutionGuid = {CE910957-F360-4D76-B733-DD28DBB24A2D}
	EndGlobalSection
EndGlobal
